// !$*UTF8*$!
{
	archiveVersion = 1;
	classes = {
	};
	objectVersion = 56;
	objects = {

/* Begin PBXBuildFile section */
		2648232B2B2635E50055ED9E /* AppDelegate.swift in Sources */ = {isa = PBXBuildFile; fileRef = 2648232A2B2635E50055ED9E /* AppDelegate.swift */; };
		2648232D2B2635E50055ED9E /* SceneDelegate.swift in Sources */ = {isa = PBXBuildFile; fileRef = 2648232C2B2635E50055ED9E /* SceneDelegate.swift */; };
		2648232F2B2635E50055ED9E /* ViewController.swift in Sources */ = {isa = PBXBuildFile; fileRef = 2648232E2B2635E50055ED9E /* ViewController.swift */; };
		264823322B2635E50055ED9E /* Main.storyboard in Resources */ = {isa = PBXBuildFile; fileRef = 264823302B2635E50055ED9E /* Main.storyboard */; };
		264823342B2635E60055ED9E /* Assets.xcassets in Resources */ = {isa = PBXBuildFile; fileRef = 264823332B2635E60055ED9E /* Assets.xcassets */; };
		264823372B2635E60055ED9E /* LaunchScreen.storyboard in Resources */ = {isa = PBXBuildFile; fileRef = 264823352B2635E60055ED9E /* LaunchScreen.storyboard */; };
		264823422B2635E70055ED9E /* OpenAi_iOSTests.swift in Sources */ = {isa = PBXBuildFile; fileRef = 264823412B2635E70055ED9E /* OpenAi_iOSTests.swift */; };
		2648234C2B2635E70055ED9E /* OpenAi_iOSUITests.swift in Sources */ = {isa = PBXBuildFile; fileRef = 2648234B2B2635E70055ED9E /* OpenAi_iOSUITests.swift */; };
		2648234E2B2635E70055ED9E /* OpenAi_iOSUITestsLaunchTests.swift in Sources */ = {isa = PBXBuildFile; fileRef = 2648234D2B2635E70055ED9E /* OpenAi_iOSUITestsLaunchTests.swift */; };
/* End PBXBuildFile section */

/* Begin PBXContainerItemProxy section */
		2648233E2B2635E70055ED9E /* PBXContainerItemProxy */ = {
			isa = PBXContainerItemProxy;
			containerPortal = 2648231F2B2635E50055ED9E /* Project object */;
			proxyType = 1;
			remoteGlobalIDString = 264823262B2635E50055ED9E;
			remoteInfo = "OpenAi-iOS";
		};
		264823482B2635E70055ED9E /* PBXContainerItemProxy */ = {
			isa = PBXContainerItemProxy;
			containerPortal = 2648231F2B2635E50055ED9E /* Project object */;
			proxyType = 1;
			remoteGlobalIDString = 264823262B2635E50055ED9E;
			remoteInfo = "OpenAi-iOS";
		};
/* End PBXContainerItemProxy section */

/* Begin PBXFileReference section */
		264823272B2635E50055ED9E /* OpenAi-iOS.app */ = {isa = PBXFileReference; explicitFileType = wrapper.application; includeInIndex = 0; path = "OpenAi-iOS.app"; sourceTree = BUILT_PRODUCTS_DIR; };
		2648232A2B2635E50055ED9E /* AppDelegate.swift */ = {isa = PBXFileReference; lastKnownFileType = sourcecode.swift; path = AppDelegate.swift; sourceTree = "<group>"; };
		2648232C2B2635E50055ED9E /* SceneDelegate.swift */ = {isa = PBXFileReference; lastKnownFileType = sourcecode.swift; path = SceneDelegate.swift; sourceTree = "<group>"; };
		2648232E2B2635E50055ED9E /* ViewController.swift */ = {isa = PBXFileReference; lastKnownFileType = sourcecode.swift; path = ViewController.swift; sourceTree = "<group>"; };
		264823312B2635E50055ED9E /* Base */ = {isa = PBXFileReference; lastKnownFileType = file.storyboard; name = Base; path = Base.lproj/Main.storyboard; sourceTree = "<group>"; };
		264823332B2635E60055ED9E /* Assets.xcassets */ = {isa = PBXFileReference; lastKnownFileType = folder.assetcatalog; path = Assets.xcassets; sourceTree = "<group>"; };
		264823362B2635E60055ED9E /* Base */ = {isa = PBXFileReference; lastKnownFileType = file.storyboard; name = Base; path = Base.lproj/LaunchScreen.storyboard; sourceTree = "<group>"; };
		264823382B2635E60055ED9E /* Info.plist */ = {isa = PBXFileReference; lastKnownFileType = text.plist.xml; path = Info.plist; sourceTree = "<group>"; };
		2648233D2B2635E70055ED9E /* OpenAi-iOSTests.xctest */ = {isa = PBXFileReference; explicitFileType = wrapper.cfbundle; includeInIndex = 0; path = "OpenAi-iOSTests.xctest"; sourceTree = BUILT_PRODUCTS_DIR; };
		264823412B2635E70055ED9E /* OpenAi_iOSTests.swift */ = {isa = PBXFileReference; lastKnownFileType = sourcecode.swift; path = OpenAi_iOSTests.swift; sourceTree = "<group>"; };
		264823472B2635E70055ED9E /* OpenAi-iOSUITests.xctest */ = {isa = PBXFileReference; explicitFileType = wrapper.cfbundle; includeInIndex = 0; path = "OpenAi-iOSUITests.xctest"; sourceTree = BUILT_PRODUCTS_DIR; };
		2648234B2B2635E70055ED9E /* OpenAi_iOSUITests.swift */ = {isa = PBXFileReference; lastKnownFileType = sourcecode.swift; path = OpenAi_iOSUITests.swift; sourceTree = "<group>"; };
		2648234D2B2635E70055ED9E /* OpenAi_iOSUITestsLaunchTests.swift */ = {isa = PBXFileReference; lastKnownFileType = sourcecode.swift; path = OpenAi_iOSUITestsLaunchTests.swift; sourceTree = "<group>"; };
/* End PBXFileReference section */

/* Begin PBXFrameworksBuildPhase section */
		264823242B2635E50055ED9E /* Frameworks */ = {
			isa = PBXFrameworksBuildPhase;
			buildActionMask = 2147483647;
			files = (
			);
			runOnlyForDeploymentPostprocessing = 0;
		};
		2648233A2B2635E70055ED9E /* Frameworks */ = {
			isa = PBXFrameworksBuildPhase;
			buildActionMask = 2147483647;
			files = (
			);
			runOnlyForDeploymentPostprocessing = 0;
		};
		264823442B2635E70055ED9E /* Frameworks */ = {
			isa = PBXFrameworksBuildPhase;
			buildActionMask = 2147483647;
			files = (
			);
			runOnlyForDeploymentPostprocessing = 0;
		};
/* End PBXFrameworksBuildPhase section */

/* Begin PBXGroup section */
		2648231E2B2635E50055ED9E = {
			isa = PBXGroup;
			children = (
				264823292B2635E50055ED9E /* OpenAi-iOS */,
				264823402B2635E70055ED9E /* OpenAi-iOSTests */,
				2648234A2B2635E70055ED9E /* OpenAi-iOSUITests */,
				264823282B2635E50055ED9E /* Products */,
			);
			sourceTree = "<group>";
		};
		264823282B2635E50055ED9E /* Products */ = {
			isa = PBXGroup;
			children = (
				264823272B2635E50055ED9E /* OpenAi-iOS.app */,
				2648233D2B2635E70055ED9E /* OpenAi-iOSTests.xctest */,
				264823472B2635E70055ED9E /* OpenAi-iOSUITests.xctest */,
			);
			name = Products;
			sourceTree = "<group>";
		};
		264823292B2635E50055ED9E /* OpenAi-iOS */ = {
			isa = PBXGroup;
			children = (
				2648232A2B2635E50055ED9E /* AppDelegate.swift */,
				2648232C2B2635E50055ED9E /* SceneDelegate.swift */,
				2648232E2B2635E50055ED9E /* ViewController.swift */,
				264823302B2635E50055ED9E /* Main.storyboard */,
				264823332B2635E60055ED9E /* Assets.xcassets */,
				264823352B2635E60055ED9E /* LaunchScreen.storyboard */,
				264823382B2635E60055ED9E /* Info.plist */,
			);
			path = "OpenAi-iOS";
			sourceTree = "<group>";
		};
		264823402B2635E70055ED9E /* OpenAi-iOSTests */ = {
			isa = PBXGroup;
			children = (
				264823412B2635E70055ED9E /* OpenAi_iOSTests.swift */,
			);
			path = "OpenAi-iOSTests";
			sourceTree = "<group>";
		};
		2648234A2B2635E70055ED9E /* OpenAi-iOSUITests */ = {
			isa = PBXGroup;
			children = (
				2648234B2B2635E70055ED9E /* OpenAi_iOSUITests.swift */,
				2648234D2B2635E70055ED9E /* OpenAi_iOSUITestsLaunchTests.swift */,
			);
			path = "OpenAi-iOSUITests";
			sourceTree = "<group>";
		};
/* End PBXGroup section */

/* Begin PBXNativeTarget section */
		264823262B2635E50055ED9E /* OpenAi-iOS */ = {
			isa = PBXNativeTarget;
			buildConfigurationList = 264823512B2635E70055ED9E /* Build configuration list for PBXNativeTarget "OpenAi-iOS" */;
			buildPhases = (
				264823232B2635E50055ED9E /* Sources */,
				264823242B2635E50055ED9E /* Frameworks */,
				264823252B2635E50055ED9E /* Resources */,
			);
			buildRules = (
			);
			dependencies = (
			);
			name = "OpenAi-iOS";
			productName = "OpenAi-iOS";
			productReference = 264823272B2635E50055ED9E /* OpenAi-iOS.app */;
			productType = "com.apple.product-type.application";
		};
		2648233C2B2635E70055ED9E /* OpenAi-iOSTests */ = {
			isa = PBXNativeTarget;
			buildConfigurationList = 264823542B2635E70055ED9E /* Build configuration list for PBXNativeTarget "OpenAi-iOSTests" */;
			buildPhases = (
				264823392B2635E70055ED9E /* Sources */,
				2648233A2B2635E70055ED9E /* Frameworks */,
				2648233B2B2635E70055ED9E /* Resources */,
			);
			buildRules = (
			);
			dependencies = (
				2648233F2B2635E70055ED9E /* PBXTargetDependency */,
			);
			name = "OpenAi-iOSTests";
			productName = "OpenAi-iOSTests";
			productReference = 2648233D2B2635E70055ED9E /* OpenAi-iOSTests.xctest */;
			productType = "com.apple.product-type.bundle.unit-test";
		};
		264823462B2635E70055ED9E /* OpenAi-iOSUITests */ = {
			isa = PBXNativeTarget;
			buildConfigurationList = 264823572B2635E70055ED9E /* Build configuration list for PBXNativeTarget "OpenAi-iOSUITests" */;
			buildPhases = (
				264823432B2635E70055ED9E /* Sources */,
				264823442B2635E70055ED9E /* Frameworks */,
				264823452B2635E70055ED9E /* Resources */,
			);
			buildRules = (
			);
			dependencies = (
				264823492B2635E70055ED9E /* PBXTargetDependency */,
			);
			name = "OpenAi-iOSUITests";
			productName = "OpenAi-iOSUITests";
			productReference = 264823472B2635E70055ED9E /* OpenAi-iOSUITests.xctest */;
			productType = "com.apple.product-type.bundle.ui-testing";
		};
/* End PBXNativeTarget section */

/* Begin PBXProject section */
		2648231F2B2635E50055ED9E /* Project object */ = {
			isa = PBXProject;
			attributes = {
				BuildIndependentTargetsInParallel = 1;
				LastSwiftUpdateCheck = 1430;
				LastUpgradeCheck = 1430;
				TargetAttributes = {
					264823262B2635E50055ED9E = {
						CreatedOnToolsVersion = 14.3.1;
					};
					2648233C2B2635E70055ED9E = {
						CreatedOnToolsVersion = 14.3.1;
						TestTargetID = 264823262B2635E50055ED9E;
					};
					264823462B2635E70055ED9E = {
						CreatedOnToolsVersion = 14.3.1;
						TestTargetID = 264823262B2635E50055ED9E;
					};
				};
			};
			buildConfigurationList = 264823222B2635E50055ED9E /* Build configuration list for PBXProject "OpenAi-iOS" */;
			compatibilityVersion = "Xcode 14.0";
			developmentRegion = en;
			hasScannedForEncodings = 0;
			knownRegions = (
				en,
				Base,
			);
			mainGroup = 2648231E2B2635E50055ED9E;
			productRefGroup = 264823282B2635E50055ED9E /* Products */;
			projectDirPath = "";
			projectRoot = "";
			targets = (
				264823262B2635E50055ED9E /* OpenAi-iOS */,
				2648233C2B2635E70055ED9E /* OpenAi-iOSTests */,
				264823462B2635E70055ED9E /* OpenAi-iOSUITests */,
			);
		};
/* End PBXProject section */

/* Begin PBXResourcesBuildPhase section */
		264823252B2635E50055ED9E /* Resources */ = {
			isa = PBXResourcesBuildPhase;
			buildActionMask = 2147483647;
			files = (
				264823372B2635E60055ED9E /* LaunchScreen.storyboard in Resources */,
				264823342B2635E60055ED9E /* Assets.xcassets in Resources */,
				264823322B2635E50055ED9E /* Main.storyboard in Resources */,
			);
			runOnlyForDeploymentPostprocessing = 0;
		};
		2648233B2B2635E70055ED9E /* Resources */ = {
			isa = PBXResourcesBuildPhase;
			buildActionMask = 2147483647;
			files = (
			);
			runOnlyForDeploymentPostprocessing = 0;
		};
		264823452B2635E70055ED9E /* Resources */ = {
			isa = PBXResourcesBuildPhase;
			buildActionMask = 2147483647;
			files = (
			);
			runOnlyForDeploymentPostprocessing = 0;
		};
/* End PBXResourcesBuildPhase section */

/* Begin PBXSourcesBuildPhase section */
		264823232B2635E50055ED9E /* Sources */ = {
			isa = PBXSourcesBuildPhase;
			buildActionMask = 2147483647;
			files = (
				2648232F2B2635E50055ED9E /* ViewController.swift in Sources */,
				2648232B2B2635E50055ED9E /* AppDelegate.swift in Sources */,
				2648232D2B2635E50055ED9E /* SceneDelegate.swift in Sources */,
			);
			runOnlyForDeploymentPostprocessing = 0;
		};
		264823392B2635E70055ED9E /* Sources */ = {
			isa = PBXSourcesBuildPhase;
			buildActionMask = 2147483647;
			files = (
				264823422B2635E70055ED9E /* OpenAi_iOSTests.swift in Sources */,
			);
			runOnlyForDeploymentPostprocessing = 0;
		};
		264823432B2635E70055ED9E /* Sources */ = {
			isa = PBXSourcesBuildPhase;
			buildActionMask = 2147483647;
			files = (
				2648234E2B2635E70055ED9E /* OpenAi_iOSUITestsLaunchTests.swift in Sources */,
				2648234C2B2635E70055ED9E /* OpenAi_iOSUITests.swift in Sources */,
			);
			runOnlyForDeploymentPostprocessing = 0;
		};
/* End PBXSourcesBuildPhase section */

/* Begin PBXTargetDependency section */
		2648233F2B2635E70055ED9E /* PBXTargetDependency */ = {
			isa = PBXTargetDependency;
			target = 264823262B2635E50055ED9E /* OpenAi-iOS */;
			targetProxy = 2648233E2B2635E70055ED9E /* PBXContainerItemProxy */;
		};
		264823492B2635E70055ED9E /* PBXTargetDependency */ = {
			isa = PBXTargetDependency;
			target = 264823262B2635E50055ED9E /* OpenAi-iOS */;
			targetProxy = 264823482B2635E70055ED9E /* PBXContainerItemProxy */;
		};
/* End PBXTargetDependency section */

/* Begin PBXVariantGroup section */
		264823302B2635E50055ED9E /* Main.storyboard */ = {
			isa = PBXVariantGroup;
			children = (
				264823312B2635E50055ED9E /* Base */,
			);
			name = Main.storyboard;
			sourceTree = "<group>";
		};
		264823352B2635E60055ED9E /* LaunchScreen.storyboard */ = {
			isa = PBXVariantGroup;
			children = (
				264823362B2635E60055ED9E /* Base */,
			);
			name = LaunchScreen.storyboard;
			sourceTree = "<group>";
		};
/* End PBXVariantGroup section */

/* Begin XCBuildConfiguration section */
		2648234F2B2635E70055ED9E /* Debug */ = {
			isa = XCBuildConfiguration;
			buildSettings = {
				ALWAYS_SEARCH_USER_PATHS = NO;
				CLANG_ANALYZER_NONNULL = YES;
				CLANG_ANALYZER_NUMBER_OBJECT_CONVERSION = YES_AGGRESSIVE;
				CLANG_CXX_LANGUAGE_STANDARD = "gnu++20";
				CLANG_ENABLE_MODULES = YES;
				CLANG_ENABLE_OBJC_ARC = YES;
				CLANG_ENABLE_OBJC_WEAK = YES;
				CLANG_WARN_BLOCK_CAPTURE_AUTORELEASING = YES;
				CLANG_WARN_BOOL_CONVERSION = YES;
				CLANG_WARN_COMMA = YES;
				CLANG_WARN_CONSTANT_CONVERSION = YES;
				CLANG_WARN_DEPRECATED_OBJC_IMPLEMENTATIONS = YES;
				CLANG_WARN_DIRECT_OBJC_ISA_USAGE = YES_ERROR;
				CLANG_WARN_DOCUMENTATION_COMMENTS = YES;
				CLANG_WARN_EMPTY_BODY = YES;
				CLANG_WARN_ENUM_CONVERSION = YES;
				CLANG_WARN_INFINITE_RECURSION = YES;
				CLANG_WARN_INT_CONVERSION = YES;
				CLANG_WARN_NON_LITERAL_NULL_CONVERSION = YES;
				CLANG_WARN_OBJC_IMPLICIT_RETAIN_SELF = YES;
				CLANG_WARN_OBJC_LITERAL_CONVERSION = YES;
				CLANG_WARN_OBJC_ROOT_CLASS = YES_ERROR;
				CLANG_WARN_QUOTED_INCLUDE_IN_FRAMEWORK_HEADER = YES;
				CLANG_WARN_RANGE_LOOP_ANALYSIS = YES;
				CLANG_WARN_STRICT_PROTOTYPES = YES;
				CLANG_WARN_SUSPICIOUS_MOVE = YES;
				CLANG_WARN_UNGUARDED_AVAILABILITY = YES_AGGRESSIVE;
				CLANG_WARN_UNREACHABLE_CODE = YES;
				CLANG_WARN__DUPLICATE_METHOD_MATCH = YES;
				COPY_PHASE_STRIP = NO;
				DEBUG_INFORMATION_FORMAT = dwarf;
				ENABLE_STRICT_OBJC_MSGSEND = YES;
				ENABLE_TESTABILITY = YES;
				GCC_C_LANGUAGE_STANDARD = gnu11;
				GCC_DYNAMIC_NO_PIC = NO;
				GCC_NO_COMMON_BLOCKS = YES;
				GCC_OPTIMIZATION_LEVEL = 0;
				GCC_PREPROCESSOR_DEFINITIONS = (
					"DEBUG=1",
					"$(inherited)",
				);
				GCC_WARN_64_TO_32_BIT_CONVERSION = YES;
				GCC_WARN_ABOUT_RETURN_TYPE = YES_ERROR;
				GCC_WARN_UNDECLARED_SELECTOR = YES;
				GCC_WARN_UNINITIALIZED_AUTOS = YES_AGGRESSIVE;
				GCC_WARN_UNUSED_FUNCTION = YES;
				GCC_WARN_UNUSED_VARIABLE = YES;
				IPHONEOS_DEPLOYMENT_TARGET = 16.4;
				MTL_ENABLE_DEBUG_INFO = INCLUDE_SOURCE;
				MTL_FAST_MATH = YES;
				ONLY_ACTIVE_ARCH = YES;
				SDKROOT = iphoneos;
				SWIFT_ACTIVE_COMPILATION_CONDITIONS = DEBUG;
				SWIFT_OPTIMIZATION_LEVEL = "-Onone";
			};
			name = Debug;
		};
		264823502B2635E70055ED9E /* Release */ = {
			isa = XCBuildConfiguration;
			buildSettings = {
				ALWAYS_SEARCH_USER_PATHS = NO;
				CLANG_ANALYZER_NONNULL = YES;
				CLANG_ANALYZER_NUMBER_OBJECT_CONVERSION = YES_AGGRESSIVE;
				CLANG_CXX_LANGUAGE_STANDARD = "gnu++20";
				CLANG_ENABLE_MODULES = YES;
				CLANG_ENABLE_OBJC_ARC = YES;
				CLANG_ENABLE_OBJC_WEAK = YES;
				CLANG_WARN_BLOCK_CAPTURE_AUTORELEASING = YES;
				CLANG_WARN_BOOL_CONVERSION = YES;
				CLANG_WARN_COMMA = YES;
				CLANG_WARN_CONSTANT_CONVERSION = YES;
				CLANG_WARN_DEPRECATED_OBJC_IMPLEMENTATIONS = YES;
				CLANG_WARN_DIRECT_OBJC_ISA_USAGE = YES_ERROR;
				CLANG_WARN_DOCUMENTATION_COMMENTS = YES;
				CLANG_WARN_EMPTY_BODY = YES;
				CLANG_WARN_ENUM_CONVERSION = YES;
				CLANG_WARN_INFINITE_RECURSION = YES;
				CLANG_WARN_INT_CONVERSION = YES;
				CLANG_WARN_NON_LITERAL_NULL_CONVERSION = YES;
				CLANG_WARN_OBJC_IMPLICIT_RETAIN_SELF = YES;
				CLANG_WARN_OBJC_LITERAL_CONVERSION = YES;
				CLANG_WARN_OBJC_ROOT_CLASS = YES_ERROR;
				CLANG_WARN_QUOTED_INCLUDE_IN_FRAMEWORK_HEADER = YES;
				CLANG_WARN_RANGE_LOOP_ANALYSIS = YES;
				CLANG_WARN_STRICT_PROTOTYPES = YES;
				CLANG_WARN_SUSPICIOUS_MOVE = YES;
				CLANG_WARN_UNGUARDED_AVAILABILITY = YES_AGGRESSIVE;
				CLANG_WARN_UNREACHABLE_CODE = YES;
				CLANG_WARN__DUPLICATE_METHOD_MATCH = YES;
				COPY_PHASE_STRIP = NO;
				DEBUG_INFORMATION_FORMAT = "dwarf-with-dsym";
				ENABLE_NS_ASSERTIONS = NO;
				ENABLE_STRICT_OBJC_MSGSEND = YES;
				GCC_C_LANGUAGE_STANDARD = gnu11;
				GCC_NO_COMMON_BLOCKS = YES;
				GCC_WARN_64_TO_32_BIT_CONVERSION = YES;
				GCC_WARN_ABOUT_RETURN_TYPE = YES_ERROR;
				GCC_WARN_UNDECLARED_SELECTOR = YES;
				GCC_WARN_UNINITIALIZED_AUTOS = YES_AGGRESSIVE;
				GCC_WARN_UNUSED_FUNCTION = YES;
				GCC_WARN_UNUSED_VARIABLE = YES;
				IPHONEOS_DEPLOYMENT_TARGET = 16.4;
				MTL_ENABLE_DEBUG_INFO = NO;
				MTL_FAST_MATH = YES;
				SDKROOT = iphoneos;
				SWIFT_COMPILATION_MODE = wholemodule;
				SWIFT_OPTIMIZATION_LEVEL = "-O";
				VALIDATE_PRODUCT = YES;
			};
			name = Release;
		};
		264823522B2635E70055ED9E /* Debug */ = {
			isa = XCBuildConfiguration;
			buildSettings = {
				ASSETCATALOG_COMPILER_APPICON_NAME = AppIcon;
				ASSETCATALOG_COMPILER_GLOBAL_ACCENT_COLOR_NAME = AccentColor;
				CODE_SIGN_STYLE = Automatic;
				CURRENT_PROJECT_VERSION = 1;
				GENERATE_INFOPLIST_FILE = YES;
				INFOPLIST_FILE = "OpenAi-iOS/Info.plist";
				INFOPLIST_KEY_UIApplicationSupportsIndirectInputEvents = YES;
				INFOPLIST_KEY_UILaunchStoryboardName = LaunchScreen;
				INFOPLIST_KEY_UIMainStoryboardFile = Main;
				INFOPLIST_KEY_UISupportedInterfaceOrientations_iPad = "UIInterfaceOrientationPortrait UIInterfaceOrientationPortraitUpsideDown UIInterfaceOrientationLandscapeLeft UIInterfaceOrientationLandscapeRight";
				INFOPLIST_KEY_UISupportedInterfaceOrientations_iPhone = "UIInterfaceOrientationPortrait UIInterfaceOrientationLandscapeLeft UIInterfaceOrientationLandscapeRight";
				LD_RUNPATH_SEARCH_PATHS = (
					"$(inherited)",
					"@executable_path/Frameworks",
				);
				MARKETING_VERSION = 1.0;
				PRODUCT_BUNDLE_IDENTIFIER = "edu.northwetsern.OpenAi-iOS";
				PRODUCT_NAME = "$(TARGET_NAME)";
				SWIFT_EMIT_LOC_STRINGS = YES;
				SWIFT_VERSION = 5.0;
				TARGETED_DEVICE_FAMILY = "1,2";
			};
			name = Debug;
		};
		264823532B2635E70055ED9E /* Release */ = {
			isa = XCBuildConfiguration;
			buildSettings = {
				ASSETCATALOG_COMPILER_APPICON_NAME = AppIcon;
				ASSETCATALOG_COMPILER_GLOBAL_ACCENT_COLOR_NAME = AccentColor;
				CODE_SIGN_STYLE = Automatic;
				CURRENT_PROJECT_VERSION = 1;
				GENERATE_INFOPLIST_FILE = YES;
				INFOPLIST_FILE = "OpenAi-iOS/Info.plist";
				INFOPLIST_KEY_UIApplicationSupportsIndirectInputEvents = YES;
				INFOPLIST_KEY_UILaunchStoryboardName = LaunchScreen;
				INFOPLIST_KEY_UIMainStoryboardFile = Main;
				INFOPLIST_KEY_UISupportedInterfaceOrientations_iPad = "UIInterfaceOrientationPortrait UIInterfaceOrientationPortraitUpsideDown UIInterfaceOrientationLandscapeLeft UIInterfaceOrientationLandscapeRight";
				INFOPLIST_KEY_UISupportedInterfaceOrientations_iPhone = "UIInterfaceOrientationPortrait UIInterfaceOrientationLandscapeLeft UIInterfaceOrientationLandscapeRight";
				LD_RUNPATH_SEARCH_PATHS = (
					"$(inherited)",
					"@executable_path/Frameworks",
				);
				MARKETING_VERSION = 1.0;
				PRODUCT_BUNDLE_IDENTIFIER = "edu.northwetsern.OpenAi-iOS";
				PRODUCT_NAME = "$(TARGET_NAME)";
				SWIFT_EMIT_LOC_STRINGS = YES;
				SWIFT_VERSION = 5.0;
				TARGETED_DEVICE_FAMILY = "1,2";
			};
			name = Release;
		};
		264823552B2635E70055ED9E /* Debug */ = {
			isa = XCBuildConfiguration;
			buildSettings = {
				ALWAYS_EMBED_SWIFT_STANDARD_LIBRARIES = YES;
				BUNDLE_LOADER = "$(TEST_HOST)";
				CODE_SIGN_STYLE = Automatic;
				CURRENT_PROJECT_VERSION = 1;
				GENERATE_INFOPLIST_FILE = YES;
				IPHONEOS_DEPLOYMENT_TARGET = 16.4;
				MARKETING_VERSION = 1.0;
				PRODUCT_BUNDLE_IDENTIFIER = "edu.northwetsern.OpenAi-iOSTests";
				PRODUCT_NAME = "$(TARGET_NAME)";
				SWIFT_EMIT_LOC_STRINGS = NO;
				SWIFT_VERSION = 5.0;
				TARGETED_DEVICE_FAMILY = "1,2";
				TEST_HOST = "$(BUILT_PRODUCTS_DIR)/OpenAi-iOS.app/$(BUNDLE_EXECUTABLE_FOLDER_PATH)/OpenAi-iOS";
			};
			name = Debug;
		};
		264823562B2635E70055ED9E /* Release */ = {
			isa = XCBuildConfiguration;
			buildSettings = {
				ALWAYS_EMBED_SWIFT_STANDARD_LIBRARIES = YES;
				BUNDLE_LOADER = "$(TEST_HOST)";
				CODE_SIGN_STYLE = Automatic;
				CURRENT_PROJECT_VERSION = 1;
				GENERATE_INFOPLIST_FILE = YES;
				IPHONEOS_DEPLOYMENT_TARGET = 16.4;
				MARKETING_VERSION = 1.0;
				PRODUCT_BUNDLE_IDENTIFIER = "edu.northwetsern.OpenAi-iOSTests";
				PRODUCT_NAME = "$(TARGET_NAME)";
				SWIFT_EMIT_LOC_STRINGS = NO;
				SWIFT_VERSION = 5.0;
				TARGETED_DEVICE_FAMILY = "1,2";
				TEST_HOST = "$(BUILT_PRODUCTS_DIR)/OpenAi-iOS.app/$(BUNDLE_EXECUTABLE_FOLDER_PATH)/OpenAi-iOS";
			};
			name = Release;
		};
		264823582B2635E70055ED9E /* Debug */ = {
			isa = XCBuildConfiguration;
			buildSettings = {
				ALWAYS_EMBED_SWIFT_STANDARD_LIBRARIES = YES;
				CODE_SIGN_STYLE = Automatic;
				CURRENT_PROJECT_VERSION = 1;
				GENERATE_INFOPLIST_FILE = YES;
				MARKETING_VERSION = 1.0;
				PRODUCT_BUNDLE_IDENTIFIER = "edu.northwetsern.OpenAi-iOSUITests";
				PRODUCT_NAME = "$(TARGET_NAME)";
				SWIFT_EMIT_LOC_STRINGS = NO;
				SWIFT_VERSION = 5.0;
				TARGETED_DEVICE_FAMILY = "1,2";
				TEST_TARGET_NAME = "OpenAi-iOS";
			};
			name = Debug;
		};
		264823592B2635E70055ED9E /* Release */ = {
			isa = XCBuildConfiguration;
			buildSettings = {
				ALWAYS_EMBED_SWIFT_STANDARD_LIBRARIES = YES;
				CODE_SIGN_STYLE = Automatic;
				CURRENT_PROJECT_VERSION = 1;
				GENERATE_INFOPLIST_FILE = YES;
				MARKETING_VERSION = 1.0;
				PRODUCT_BUNDLE_IDENTIFIER = "edu.northwetsern.OpenAi-iOSUITests";
				PRODUCT_NAME = "$(TARGET_NAME)";
				SWIFT_EMIT_LOC_STRINGS = NO;
				SWIFT_VERSION = 5.0;
				TARGETED_DEVICE_FAMILY = "1,2";
				TEST_TARGET_NAME = "OpenAi-iOS";
			};
			name = Release;
		};
/* End XCBuildConfiguration section */

/* Begin XCConfigurationList section */
		264823222B2635E50055ED9E /* Build configuration list for PBXProject "OpenAi-iOS" */ = {
			isa = XCConfigurationList;
			buildConfigurations = (
				2648234F2B2635E70055ED9E /* Debug */,
				264823502B2635E70055ED9E /* Release */,
			);
			defaultConfigurationIsVisible = 0;
			defaultConfigurationName = Release;
		};
		264823512B2635E70055ED9E /* Build configuration list for PBXNativeTarget "OpenAi-iOS" */ = {
			isa = XCConfigurationList;
			buildConfigurations = (
				264823522B2635E70055ED9E /* Debug */,
				264823532B2635E70055ED9E /* Release */,
			);
			defaultConfigurationIsVisible = 0;
			defaultConfigurationName = Release;
		};
		264823542B2635E70055ED9E /* Build configuration list for PBXNativeTarget "OpenAi-iOSTests" */ = {
			isa = XCConfigurationList;
			buildConfigurations = (
				264823552B2635E70055ED9E /* Debug */,
				264823562B2635E70055ED9E /* Release */,
			);
			defaultConfigurationIsVisible = 0;
			defaultConfigurationName = Release;
		};
		264823572B2635E70055ED9E /* Build configuration list for PBXNativeTarget "OpenAi-iOSUITests" */ = {
			isa = XCConfigurationList;
			buildConfigurations = (
				264823582B2635E70055ED9E /* Debug */,
				264823592B2635E70055ED9E /* Release */,
			);
			defaultConfigurationIsVisible = 0;
			defaultConfigurationName = Release;
		};
/* End XCConfigurationList section */
	};
	rootObject = 2648231F2B2635E50055ED9E /* Project object */;
}
